github.com/soniakeys/quant v1.0.0 h1:N1um9ktjbkZVcywBVAAYpZYSHxEfJGzshHCxx/DaI0Y=
github.com/soniakeys/quant v1.0.0/go.mod h1:HI1k023QuVbD4H8i9YdfZP2munIHU4QpjsImz6Y6zds=
gocv.io/x/gocv v0.22.0 h1:pv+tcjcoW/xsaM/nfrzMK5PEEHYe2ND/LQRoyBpgjsg=
gocv.io/x/gocv v0.22.0/go.mod h1:7Ju5KbPo+R85evmlhhKPVMwXtgDRNX/PtfVfbToSrLU=
