github.com/hybridgroup/mjpeg v0.0.0-20140228234708-4680f319790e/go.mod h1:eagM805MRKrioHYuU7iKLUyFPVKqVV6um5DAvCkUtXs=
github.com/mattn/go-sixel v0.0.1 h1:rhJSpux2xjsmXdXqY694uiEC0Rwxt6jYoq7Bahqo2xs=
github.com/mattn/go-sixel v0.0.1/go.mod h1:zlzhYSuMbLdRdrxfutExxGpC+Pf2uUTJ6GpVQ4LB5dc=
github.com/pascaldekloe/goe v0.1.0/go.mod h1:lzWF7FIEvWOWxwDKqyGYQf6ZUaNfKdP144TG7ZOy1lc=
github.com/soniakeys/quant v1.0.0 h1:N1um9ktjbkZVcywBVAAYpZYSHxEfJGzshHCxx/DaI0Y=
github.com/soniakeys/quant v1.0.0/go.mod h1:HI1k023QuVbD4H8i9YdfZP2munIHU4QpjsImz6Y6zds=
gocv.io/x/gocv v0.31.0 h1:BHDtK8v+YPvoSPQTTiZB2fM/7BLg6511JqkruY2z6LQ=
gocv.io/x/gocv v0.31.0/go.mod h1:oc6FvfYqfBp99p+yOEzs9tbYF9gOrAQSeL/dyIPefJU=
